// !$*UTF8*$!
{
	archiveVersion = 1;
	classes = {
	};
	objectVersion = 55;
	objects = {

/* Begin PBXBuildFile section */
		56C5086928301A1100717FDE /* AppDelegate.swift in Sources */ = {isa = PBXBuildFile; fileRef = 56C5086828301A1100717FDE /* AppDelegate.swift */; };
		56C5086B28301A1100717FDE /* SceneDelegate.swift in Sources */ = {isa = PBXBuildFile; fileRef = 56C5086A28301A1100717FDE /* SceneDelegate.swift */; };
		56C5086D28301A1100717FDE /* ViewController.swift in Sources */ = {isa = PBXBuildFile; fileRef = 56C5086C28301A1100717FDE /* ViewController.swift */; };
		56C5087028301A1100717FDE /* Main.storyboard in Resources */ = {isa = PBXBuildFile; fileRef = 56C5086E28301A1100717FDE /* Main.storyboard */; };
		56C5087228301A1400717FDE /* Assets.xcassets in Resources */ = {isa = PBXBuildFile; fileRef = 56C5087128301A1400717FDE /* Assets.xcassets */; };
		56C5087528301A1400717FDE /* LaunchScreen.storyboard in Resources */ = {isa = PBXBuildFile; fileRef = 56C5087328301A1400717FDE /* LaunchScreen.storyboard */; };
		56C5088028301A1400717FDE /* TaskTests.swift in Sources */ = {isa = PBXBuildFile; fileRef = 56C5087F28301A1400717FDE /* TaskTests.swift */; };
		56C5088A28301A1400717FDE /* TaskUITests.swift in Sources */ = {isa = PBXBuildFile; fileRef = 56C5088928301A1400717FDE /* TaskUITests.swift */; };
		56C5088C28301A1400717FDE /* TaskUITestsLaunchTests.swift in Sources */ = {isa = PBXBuildFile; fileRef = 56C5088B28301A1400717FDE /* TaskUITestsLaunchTests.swift */; };
		56C5089A2830204200717FDE /* EndPoints.swift in Sources */ = {isa = PBXBuildFile; fileRef = 56C508992830204200717FDE /* EndPoints.swift */; };
		56C508AD2830233500717FDE /* Results.swift in Sources */ = {isa = PBXBuildFile; fileRef = 56C5089E2830233400717FDE /* Results.swift */; };
		56C508AE2830233500717FDE /* SearchPhotosResponse.swift in Sources */ = {isa = PBXBuildFile; fileRef = 56C5089F2830233400717FDE /* SearchPhotosResponse.swift */; };
		56C508B02830233500717FDE /* Category.swift in Sources */ = {isa = PBXBuildFile; fileRef = 56C508A12830233400717FDE /* Category.swift */; };
		56C508B12830233500717FDE /* Subcategory.swift in Sources */ = {isa = PBXBuildFile; fileRef = 56C508A22830233400717FDE /* Subcategory.swift */; };
		56C508B82830233500717FDE /* Urls.swift in Sources */ = {isa = PBXBuildFile; fileRef = 56C508A92830233500717FDE /* Urls.swift */; };
		56C508BC2830266C00717FDE /* ApiService.swift in Sources */ = {isa = PBXBuildFile; fileRef = 56C508BB2830266C00717FDE /* ApiService.swift */; };
/* End PBXBuildFile section */

/* Begin PBXContainerItemProxy section */
		56C5087C28301A1400717FDE /* PBXContainerItemProxy */ = {
			isa = PBXContainerItemProxy;
			containerPortal = 56C5085D28301A1100717FDE /* Project object */;
			proxyType = 1;
			remoteGlobalIDString = 56C5086428301A1100717FDE;
			remoteInfo = Task;
		};
		56C5088628301A1400717FDE /* PBXContainerItemProxy */ = {
			isa = PBXContainerItemProxy;
			containerPortal = 56C5085D28301A1100717FDE /* Project object */;
			proxyType = 1;
			remoteGlobalIDString = 56C5086428301A1100717FDE;
			remoteInfo = Task;
		};
/* End PBXContainerItemProxy section */

/* Begin PBXFileReference section */
		56C5086528301A1100717FDE /* Task.app */ = {isa = PBXFileReference; explicitFileType = wrapper.application; includeInIndex = 0; path = Task.app; sourceTree = BUILT_PRODUCTS_DIR; };
		56C5086828301A1100717FDE /* AppDelegate.swift */ = {isa = PBXFileReference; lastKnownFileType = sourcecode.swift; path = AppDelegate.swift; sourceTree = "<group>"; };
		56C5086A28301A1100717FDE /* SceneDelegate.swift */ = {isa = PBXFileReference; lastKnownFileType = sourcecode.swift; path = SceneDelegate.swift; sourceTree = "<group>"; };
		56C5086C28301A1100717FDE /* ViewController.swift */ = {isa = PBXFileReference; lastKnownFileType = sourcecode.swift; path = ViewController.swift; sourceTree = "<group>"; };
		56C5086F28301A1100717FDE /* Base */ = {isa = PBXFileReference; lastKnownFileType = file.storyboard; name = Base; path = Base.lproj/Main.storyboard; sourceTree = "<group>"; };
		56C5087128301A1400717FDE /* Assets.xcassets */ = {isa = PBXFileReference; lastKnownFileType = folder.assetcatalog; path = Assets.xcassets; sourceTree = "<group>"; };
		56C5087428301A1400717FDE /* Base */ = {isa = PBXFileReference; lastKnownFileType = file.storyboard; name = Base; path = Base.lproj/LaunchScreen.storyboard; sourceTree = "<group>"; };
		56C5087628301A1400717FDE /* Info.plist */ = {isa = PBXFileReference; lastKnownFileType = text.plist.xml; path = Info.plist; sourceTree = "<group>"; };
		56C5087B28301A1400717FDE /* TaskTests.xctest */ = {isa = PBXFileReference; explicitFileType = wrapper.cfbundle; includeInIndex = 0; path = TaskTests.xctest; sourceTree = BUILT_PRODUCTS_DIR; };
		56C5087F28301A1400717FDE /* TaskTests.swift */ = {isa = PBXFileReference; lastKnownFileType = sourcecode.swift; path = TaskTests.swift; sourceTree = "<group>"; };
		56C5088528301A1400717FDE /* TaskUITests.xctest */ = {isa = PBXFileReference; explicitFileType = wrapper.cfbundle; includeInIndex = 0; path = TaskUITests.xctest; sourceTree = BUILT_PRODUCTS_DIR; };
		56C5088928301A1400717FDE /* TaskUITests.swift */ = {isa = PBXFileReference; lastKnownFileType = sourcecode.swift; path = TaskUITests.swift; sourceTree = "<group>"; };
		56C5088B28301A1400717FDE /* TaskUITestsLaunchTests.swift */ = {isa = PBXFileReference; lastKnownFileType = sourcecode.swift; path = TaskUITestsLaunchTests.swift; sourceTree = "<group>"; };
		56C508992830204200717FDE /* EndPoints.swift */ = {isa = PBXFileReference; lastKnownFileType = sourcecode.swift; path = EndPoints.swift; sourceTree = "<group>"; };
		56C5089E2830233400717FDE /* Results.swift */ = {isa = PBXFileReference; fileEncoding = 4; lastKnownFileType = sourcecode.swift; path = Results.swift; sourceTree = "<group>"; };
		56C5089F2830233400717FDE /* SearchPhotosResponse.swift */ = {isa = PBXFileReference; fileEncoding = 4; lastKnownFileType = sourcecode.swift; path = SearchPhotosResponse.swift; sourceTree = "<group>"; };
		56C508A12830233400717FDE /* Category.swift */ = {isa = PBXFileReference; fileEncoding = 4; lastKnownFileType = sourcecode.swift; path = Category.swift; sourceTree = "<group>"; };
		56C508A22830233400717FDE /* Subcategory.swift */ = {isa = PBXFileReference; fileEncoding = 4; lastKnownFileType = sourcecode.swift; path = Subcategory.swift; sourceTree = "<group>"; };
		56C508A92830233500717FDE /* Urls.swift */ = {isa = PBXFileReference; fileEncoding = 4; lastKnownFileType = sourcecode.swift; path = Urls.swift; sourceTree = "<group>"; };
		56C508BB2830266C00717FDE /* ApiService.swift */ = {isa = PBXFileReference; lastKnownFileType = sourcecode.swift; path = ApiService.swift; sourceTree = "<group>"; };
/* End PBXFileReference section */

/* Begin PBXFrameworksBuildPhase section */
		56C5086228301A1100717FDE /* Frameworks */ = {
			isa = PBXFrameworksBuildPhase;
			buildActionMask = 2147483647;
			files = (
			);
			runOnlyForDeploymentPostprocessing = 0;
		};
		56C5087828301A1400717FDE /* Frameworks */ = {
			isa = PBXFrameworksBuildPhase;
			buildActionMask = 2147483647;
			files = (
			);
			runOnlyForDeploymentPostprocessing = 0;
		};
		56C5088228301A1400717FDE /* Frameworks */ = {
			isa = PBXFrameworksBuildPhase;
			buildActionMask = 2147483647;
			files = (
			);
			runOnlyForDeploymentPostprocessing = 0;
		};
/* End PBXFrameworksBuildPhase section */

/* Begin PBXGroup section */
		56C5085C28301A1100717FDE = {
			isa = PBXGroup;
			children = (
				56C5086728301A1100717FDE /* Task */,
				56C5087E28301A1400717FDE /* TaskTests */,
				56C5088828301A1400717FDE /* TaskUITests */,
				56C5086628301A1100717FDE /* Products */,
			);
			sourceTree = "<group>";
		};
		56C5086628301A1100717FDE /* Products */ = {
			isa = PBXGroup;
			children = (
				56C5086528301A1100717FDE /* Task.app */,
				56C5087B28301A1400717FDE /* TaskTests.xctest */,
				56C5088528301A1400717FDE /* TaskUITests.xctest */,
			);
			name = Products;
			sourceTree = "<group>";
		};
		56C5086728301A1100717FDE /* Task */ = {
			isa = PBXGroup;
			children = (
				56C508BA2830264100717FDE /* Network */,
				56C5089B2830226B00717FDE /* Models */,
				56C508982830201100717FDE /* Utility */,
				56C5086828301A1100717FDE /* AppDelegate.swift */,
				56C5086A28301A1100717FDE /* SceneDelegate.swift */,
				56C5086C28301A1100717FDE /* ViewController.swift */,
				56C5086E28301A1100717FDE /* Main.storyboard */,
				56C5087128301A1400717FDE /* Assets.xcassets */,
				56C5087328301A1400717FDE /* LaunchScreen.storyboard */,
				56C5087628301A1400717FDE /* Info.plist */,
			);
			path = Task;
			sourceTree = "<group>";
		};
		56C5087E28301A1400717FDE /* TaskTests */ = {
			isa = PBXGroup;
			children = (
				56C5087F28301A1400717FDE /* TaskTests.swift */,
			);
			path = TaskTests;
			sourceTree = "<group>";
		};
		56C5088828301A1400717FDE /* TaskUITests */ = {
			isa = PBXGroup;
			children = (
				56C5088928301A1400717FDE /* TaskUITests.swift */,
				56C5088B28301A1400717FDE /* TaskUITestsLaunchTests.swift */,
			);
			path = TaskUITests;
			sourceTree = "<group>";
		};
		56C508982830201100717FDE /* Utility */ = {
			isa = PBXGroup;
			children = (
				56C508992830204200717FDE /* EndPoints.swift */,
			);
			path = Utility;
			sourceTree = "<group>";
		};
		56C5089B2830226B00717FDE /* Models */ = {
			isa = PBXGroup;
			children = (
				56C508A12830233400717FDE /* Category.swift */,
				56C5089F2830233400717FDE /* SearchPhotosResponse.swift */,
				56C5089E2830233400717FDE /* Results.swift */,
				56C508A22830233400717FDE /* Subcategory.swift */,
				56C508A92830233500717FDE /* Urls.swift */,
			);
			path = Models;
			sourceTree = "<group>";
		};
		56C508BA2830264100717FDE /* Network */ = {
			isa = PBXGroup;
			children = (
				56C508BB2830266C00717FDE /* ApiService.swift */,
			);
			path = Network;
			sourceTree = "<group>";
		};
/* End PBXGroup section */

/* Begin PBXNativeTarget section */
		56C5086428301A1100717FDE /* Task */ = {
			isa = PBXNativeTarget;
			buildConfigurationList = 56C5088F28301A1400717FDE /* Build configuration list for PBXNativeTarget "Task" */;
			buildPhases = (
				56C5086128301A1100717FDE /* Sources */,
				56C5086228301A1100717FDE /* Frameworks */,
				56C5086328301A1100717FDE /* Resources */,
			);
			buildRules = (
			);
			dependencies = (
			);
			name = Task;
			productName = Task;
			productReference = 56C5086528301A1100717FDE /* Task.app */;
			productType = "com.apple.product-type.application";
		};
		56C5087A28301A1400717FDE /* TaskTests */ = {
			isa = PBXNativeTarget;
			buildConfigurationList = 56C5089228301A1400717FDE /* Build configuration list for PBXNativeTarget "TaskTests" */;
			buildPhases = (
				56C5087728301A1400717FDE /* Sources */,
				56C5087828301A1400717FDE /* Frameworks */,
				56C5087928301A1400717FDE /* Resources */,
			);
			buildRules = (
			);
			dependencies = (
				56C5087D28301A1400717FDE /* PBXTargetDependency */,
			);
			name = TaskTests;
			productName = TaskTests;
			productReference = 56C5087B28301A1400717FDE /* TaskTests.xctest */;
			productType = "com.apple.product-type.bundle.unit-test";
		};
		56C5088428301A1400717FDE /* TaskUITests */ = {
			isa = PBXNativeTarget;
			buildConfigurationList = 56C5089528301A1400717FDE /* Build configuration list for PBXNativeTarget "TaskUITests" */;
			buildPhases = (
				56C5088128301A1400717FDE /* Sources */,
				56C5088228301A1400717FDE /* Frameworks */,
				56C5088328301A1400717FDE /* Resources */,
			);
			buildRules = (
			);
			dependencies = (
				56C5088728301A1400717FDE /* PBXTargetDependency */,
			);
			name = TaskUITests;
			productName = TaskUITests;
			productReference = 56C5088528301A1400717FDE /* TaskUITests.xctest */;
			productType = "com.apple.product-type.bundle.ui-testing";
		};
/* End PBXNativeTarget section */

/* Begin PBXProject section */
		56C5085D28301A1100717FDE /* Project object */ = {
			isa = PBXProject;
			attributes = {
				BuildIndependentTargetsInParallel = 1;
				LastSwiftUpdateCheck = 1320;
				LastUpgradeCheck = 1320;
				TargetAttributes = {
					56C5086428301A1100717FDE = {
						CreatedOnToolsVersion = 13.2.1;
					};
					56C5087A28301A1400717FDE = {
						CreatedOnToolsVersion = 13.2.1;
						TestTargetID = 56C5086428301A1100717FDE;
					};
					56C5088428301A1400717FDE = {
						CreatedOnToolsVersion = 13.2.1;
						TestTargetID = 56C5086428301A1100717FDE;
					};
				};
			};
			buildConfigurationList = 56C5086028301A1100717FDE /* Build configuration list for PBXProject "Task" */;
			compatibilityVersion = "Xcode 13.0";
			developmentRegion = en;
			hasScannedForEncodings = 0;
			knownRegions = (
				en,
				Base,
			);
			mainGroup = 56C5085C28301A1100717FDE;
			productRefGroup = 56C5086628301A1100717FDE /* Products */;
			projectDirPath = "";
			projectRoot = "";
			targets = (
				56C5086428301A1100717FDE /* Task */,
				56C5087A28301A1400717FDE /* TaskTests */,
				56C5088428301A1400717FDE /* TaskUITests */,
			);
		};
/* End PBXProject section */

/* Begin PBXResourcesBuildPhase section */
		56C5086328301A1100717FDE /* Resources */ = {
			isa = PBXResourcesBuildPhase;
			buildActionMask = 2147483647;
			files = (
				56C5087528301A1400717FDE /* LaunchScreen.storyboard in Resources */,
				56C5087228301A1400717FDE /* Assets.xcassets in Resources */,
				56C5087028301A1100717FDE /* Main.storyboard in Resources */,
			);
			runOnlyForDeploymentPostprocessing = 0;
		};
		56C5087928301A1400717FDE /* Resources */ = {
			isa = PBXResourcesBuildPhase;
			buildActionMask = 2147483647;
			files = (
			);
			runOnlyForDeploymentPostprocessing = 0;
		};
		56C5088328301A1400717FDE /* Resources */ = {
			isa = PBXResourcesBuildPhase;
			buildActionMask = 2147483647;
			files = (
			);
			runOnlyForDeploymentPostprocessing = 0;
		};
/* End PBXResourcesBuildPhase section */

/* Begin PBXSourcesBuildPhase section */
		56C5086128301A1100717FDE /* Sources */ = {
			isa = PBXSourcesBuildPhase;
			buildActionMask = 2147483647;
			files = (
				56C5086D28301A1100717FDE /* ViewController.swift in Sources */,
				56C508B02830233500717FDE /* Category.swift in Sources */,
				56C508BC2830266C00717FDE /* ApiService.swift in Sources */,
				56C5086928301A1100717FDE /* AppDelegate.swift in Sources */,
				56C508AD2830233500717FDE /* Results.swift in Sources */,
				56C508B82830233500717FDE /* Urls.swift in Sources */,
				56C508AE2830233500717FDE /* SearchPhotosResponse.swift in Sources */,
				56C508B12830233500717FDE /* Subcategory.swift in Sources */,
				56C5089A2830204200717FDE /* EndPoints.swift in Sources */,
				56C5086B28301A1100717FDE /* SceneDelegate.swift in Sources */,
			);
			runOnlyForDeploymentPostprocessing = 0;
		};
		56C5087728301A1400717FDE /* Sources */ = {
			isa = PBXSourcesBuildPhase;
			buildActionMask = 2147483647;
			files = (
				56C5088028301A1400717FDE /* TaskTests.swift in Sources */,
			);
			runOnlyForDeploymentPostprocessing = 0;
		};
		56C5088128301A1400717FDE /* Sources */ = {
			isa = PBXSourcesBuildPhase;
			buildActionMask = 2147483647;
			files = (
				56C5088A28301A1400717FDE /* TaskUITests.swift in Sources */,
				56C5088C28301A1400717FDE /* TaskUITestsLaunchTests.swift in Sources */,
			);
			runOnlyForDeploymentPostprocessing = 0;
		};
/* End PBXSourcesBuildPhase section */

/* Begin PBXTargetDependency section */
		56C5087D28301A1400717FDE /* PBXTargetDependency */ = {
			isa = PBXTargetDependency;
			target = 56C5086428301A1100717FDE /* Task */;
			targetProxy = 56C5087C28301A1400717FDE /* PBXContainerItemProxy */;
		};
		56C5088728301A1400717FDE /* PBXTargetDependency */ = {
			isa = PBXTargetDependency;
			target = 56C5086428301A1100717FDE /* Task */;
			targetProxy = 56C5088628301A1400717FDE /* PBXContainerItemProxy */;
		};
/* End PBXTargetDependency section */

/* Begin PBXVariantGroup section */
		56C5086E28301A1100717FDE /* Main.storyboard */ = {
			isa = PBXVariantGroup;
			children = (
				56C5086F28301A1100717FDE /* Base */,
			);
			name = Main.storyboard;
			sourceTree = "<group>";
		};
		56C5087328301A1400717FDE /* LaunchScreen.storyboard */ = {
			isa = PBXVariantGroup;
			children = (
				56C5087428301A1400717FDE /* Base */,
			);
			name = LaunchScreen.storyboard;
			sourceTree = "<group>";
		};
/* End PBXVariantGroup section */

/* Begin XCBuildConfiguration section */
		56C5088D28301A1400717FDE /* Debug */ = {
			isa = XCBuildConfiguration;
			buildSettings = {
				ALWAYS_SEARCH_USER_PATHS = NO;
				CLANG_ANALYZER_NONNULL = YES;
				CLANG_ANALYZER_NUMBER_OBJECT_CONVERSION = YES_AGGRESSIVE;
				CLANG_CXX_LANGUAGE_STANDARD = "gnu++17";
				CLANG_CXX_LIBRARY = "libc++";
				CLANG_ENABLE_MODULES = YES;
				CLANG_ENABLE_OBJC_ARC = YES;
				CLANG_ENABLE_OBJC_WEAK = YES;
				CLANG_WARN_BLOCK_CAPTURE_AUTORELEASING = YES;
				CLANG_WARN_BOOL_CONVERSION = YES;
				CLANG_WARN_COMMA = YES;
				CLANG_WARN_CONSTANT_CONVERSION = YES;
				CLANG_WARN_DEPRECATED_OBJC_IMPLEMENTATIONS = YES;
				CLANG_WARN_DIRECT_OBJC_ISA_USAGE = YES_ERROR;
				CLANG_WARN_DOCUMENTATION_COMMENTS = YES;
				CLANG_WARN_EMPTY_BODY = YES;
				CLANG_WARN_ENUM_CONVERSION = YES;
				CLANG_WARN_INFINITE_RECURSION = YES;
				CLANG_WARN_INT_CONVERSION = YES;
				CLANG_WARN_NON_LITERAL_NULL_CONVERSION = YES;
				CLANG_WARN_OBJC_IMPLICIT_RETAIN_SELF = YES;
				CLANG_WARN_OBJC_LITERAL_CONVERSION = YES;
				CLANG_WARN_OBJC_ROOT_CLASS = YES_ERROR;
				CLANG_WARN_QUOTED_INCLUDE_IN_FRAMEWORK_HEADER = YES;
				CLANG_WARN_RANGE_LOOP_ANALYSIS = YES;
				CLANG_WARN_STRICT_PROTOTYPES = YES;
				CLANG_WARN_SUSPICIOUS_MOVE = YES;
				CLANG_WARN_UNGUARDED_AVAILABILITY = YES_AGGRESSIVE;
				CLANG_WARN_UNREACHABLE_CODE = YES;
				CLANG_WARN__DUPLICATE_METHOD_MATCH = YES;
				COPY_PHASE_STRIP = NO;
				DEBUG_INFORMATION_FORMAT = dwarf;
				ENABLE_STRICT_OBJC_MSGSEND = YES;
				ENABLE_TESTABILITY = YES;
				GCC_C_LANGUAGE_STANDARD = gnu11;
				GCC_DYNAMIC_NO_PIC = NO;
				GCC_NO_COMMON_BLOCKS = YES;
				GCC_OPTIMIZATION_LEVEL = 0;
				GCC_PREPROCESSOR_DEFINITIONS = (
					"DEBUG=1",
					"$(inherited)",
				);
				GCC_WARN_64_TO_32_BIT_CONVERSION = YES;
				GCC_WARN_ABOUT_RETURN_TYPE = YES_ERROR;
				GCC_WARN_UNDECLARED_SELECTOR = YES;
				GCC_WARN_UNINITIALIZED_AUTOS = YES_AGGRESSIVE;
				GCC_WARN_UNUSED_FUNCTION = YES;
				GCC_WARN_UNUSED_VARIABLE = YES;
				IPHONEOS_DEPLOYMENT_TARGET = 15.2;
				MTL_ENABLE_DEBUG_INFO = INCLUDE_SOURCE;
				MTL_FAST_MATH = YES;
				ONLY_ACTIVE_ARCH = YES;
				SDKROOT = iphoneos;
				SWIFT_ACTIVE_COMPILATION_CONDITIONS = DEBUG;
				SWIFT_OPTIMIZATION_LEVEL = "-Onone";
			};
			name = Debug;
		};
		56C5088E28301A1400717FDE /* Release */ = {
			isa = XCBuildConfiguration;
			buildSettings = {
				ALWAYS_SEARCH_USER_PATHS = NO;
				CLANG_ANALYZER_NONNULL = YES;
				CLANG_ANALYZER_NUMBER_OBJECT_CONVERSION = YES_AGGRESSIVE;
				CLANG_CXX_LANGUAGE_STANDARD = "gnu++17";
				CLANG_CXX_LIBRARY = "libc++";
				CLANG_ENABLE_MODULES = YES;
				CLANG_ENABLE_OBJC_ARC = YES;
				CLANG_ENABLE_OBJC_WEAK = YES;
				CLANG_WARN_BLOCK_CAPTURE_AUTORELEASING = YES;
				CLANG_WARN_BOOL_CONVERSION = YES;
				CLANG_WARN_COMMA = YES;
				CLANG_WARN_CONSTANT_CONVERSION = YES;
				CLANG_WARN_DEPRECATED_OBJC_IMPLEMENTATIONS = YES;
				CLANG_WARN_DIRECT_OBJC_ISA_USAGE = YES_ERROR;
				CLANG_WARN_DOCUMENTATION_COMMENTS = YES;
				CLANG_WARN_EMPTY_BODY = YES;
				CLANG_WARN_ENUM_CONVERSION = YES;
				CLANG_WARN_INFINITE_RECURSION = YES;
				CLANG_WARN_INT_CONVERSION = YES;
				CLANG_WARN_NON_LITERAL_NULL_CONVERSION = YES;
				CLANG_WARN_OBJC_IMPLICIT_RETAIN_SELF = YES;
				CLANG_WARN_OBJC_LITERAL_CONVERSION = YES;
				CLANG_WARN_OBJC_ROOT_CLASS = YES_ERROR;
				CLANG_WARN_QUOTED_INCLUDE_IN_FRAMEWORK_HEADER = YES;
				CLANG_WARN_RANGE_LOOP_ANALYSIS = YES;
				CLANG_WARN_STRICT_PROTOTYPES = YES;
				CLANG_WARN_SUSPICIOUS_MOVE = YES;
				CLANG_WARN_UNGUARDED_AVAILABILITY = YES_AGGRESSIVE;
				CLANG_WARN_UNREACHABLE_CODE = YES;
				CLANG_WARN__DUPLICATE_METHOD_MATCH = YES;
				COPY_PHASE_STRIP = NO;
				DEBUG_INFORMATION_FORMAT = "dwarf-with-dsym";
				ENABLE_NS_ASSERTIONS = NO;
				ENABLE_STRICT_OBJC_MSGSEND = YES;
				GCC_C_LANGUAGE_STANDARD = gnu11;
				GCC_NO_COMMON_BLOCKS = YES;
				GCC_WARN_64_TO_32_BIT_CONVERSION = YES;
				GCC_WARN_ABOUT_RETURN_TYPE = YES_ERROR;
				GCC_WARN_UNDECLARED_SELECTOR = YES;
				GCC_WARN_UNINITIALIZED_AUTOS = YES_AGGRESSIVE;
				GCC_WARN_UNUSED_FUNCTION = YES;
				GCC_WARN_UNUSED_VARIABLE = YES;
				IPHONEOS_DEPLOYMENT_TARGET = 15.2;
				MTL_ENABLE_DEBUG_INFO = NO;
				MTL_FAST_MATH = YES;
				SDKROOT = iphoneos;
				SWIFT_COMPILATION_MODE = wholemodule;
				SWIFT_OPTIMIZATION_LEVEL = "-O";
				VALIDATE_PRODUCT = YES;
			};
			name = Release;
		};
		56C5089028301A1400717FDE /* Debug */ = {
			isa = XCBuildConfiguration;
			buildSettings = {
				ASSETCATALOG_COMPILER_APPICON_NAME = AppIcon;
				ASSETCATALOG_COMPILER_GLOBAL_ACCENT_COLOR_NAME = AccentColor;
				CODE_SIGN_STYLE = Automatic;
				CURRENT_PROJECT_VERSION = 1;
				DEVELOPMENT_TEAM = DPS2X76N7Q;
				GENERATE_INFOPLIST_FILE = YES;
				INFOPLIST_FILE = Task/Info.plist;
				INFOPLIST_KEY_UIApplicationSupportsIndirectInputEvents = YES;
				INFOPLIST_KEY_UILaunchStoryboardName = LaunchScreen;
				INFOPLIST_KEY_UIMainStoryboardFile = Main;
				INFOPLIST_KEY_UISupportedInterfaceOrientations_iPad = "UIInterfaceOrientationPortrait UIInterfaceOrientationPortraitUpsideDown UIInterfaceOrientationLandscapeLeft UIInterfaceOrientationLandscapeRight";
				INFOPLIST_KEY_UISupportedInterfaceOrientations_iPhone = "UIInterfaceOrientationPortrait UIInterfaceOrientationLandscapeLeft UIInterfaceOrientationLandscapeRight";
				LD_RUNPATH_SEARCH_PATHS = (
					"$(inherited)",
					"@executable_path/Frameworks",
				);
				MARKETING_VERSION = 1.0;
				PRODUCT_BUNDLE_IDENTIFIER = com.motory.task.Task;
				PRODUCT_NAME = "$(TARGET_NAME)";
				SWIFT_EMIT_LOC_STRINGS = YES;
				SWIFT_VERSION = 5.0;
				TARGETED_DEVICE_FAMILY = "1,2";
			};
			name = Debug;
		};
		56C5089128301A1400717FDE /* Release */ = {
			isa = XCBuildConfiguration;
			buildSettings = {
				ASSETCATALOG_COMPILER_APPICON_NAME = AppIcon;
				ASSETCATALOG_COMPILER_GLOBAL_ACCENT_COLOR_NAME = AccentColor;
				CODE_SIGN_STYLE = Automatic;
				CURRENT_PROJECT_VERSION = 1;
				DEVELOPMENT_TEAM = DPS2X76N7Q;
				GENERATE_INFOPLIST_FILE = YES;
				INFOPLIST_FILE = Task/Info.plist;
				INFOPLIST_KEY_UIApplicationSupportsIndirectInputEvents = YES;
				INFOPLIST_KEY_UILaunchStoryboardName = LaunchScreen;
				INFOPLIST_KEY_UIMainStoryboardFile = Main;
				INFOPLIST_KEY_UISupportedInterfaceOrientations_iPad = "UIInterfaceOrientationPortrait UIInterfaceOrientationPortraitUpsideDown UIInterfaceOrientationLandscapeLeft UIInterfaceOrientationLandscapeRight";
				INFOPLIST_KEY_UISupportedInterfaceOrientations_iPhone = "UIInterfaceOrientationPortrait UIInterfaceOrientationLandscapeLeft UIInterfaceOrientationLandscapeRight";
				LD_RUNPATH_SEARCH_PATHS = (
					"$(inherited)",
					"@executable_path/Frameworks",
				);
				MARKETING_VERSION = 1.0;
				PRODUCT_BUNDLE_IDENTIFIER = com.motory.task.Task;
				PRODUCT_NAME = "$(TARGET_NAME)";
				SWIFT_EMIT_LOC_STRINGS = YES;
				SWIFT_VERSION = 5.0;
				TARGETED_DEVICE_FAMILY = "1,2";
			};
			name = Release;
		};
		56C5089328301A1400717FDE /* Debug */ = {
			isa = XCBuildConfiguration;
			buildSettings = {
				ALWAYS_EMBED_SWIFT_STANDARD_LIBRARIES = YES;
				BUNDLE_LOADER = "$(TEST_HOST)";
				CODE_SIGN_STYLE = Automatic;
				CURRENT_PROJECT_VERSION = 1;
				GENERATE_INFOPLIST_FILE = YES;
				IPHONEOS_DEPLOYMENT_TARGET = 15.2;
				MARKETING_VERSION = 1.0;
				PRODUCT_BUNDLE_IDENTIFIER = com.motory.task.TaskTests;
				PRODUCT_NAME = "$(TARGET_NAME)";
				SWIFT_EMIT_LOC_STRINGS = NO;
				SWIFT_VERSION = 5.0;
				TARGETED_DEVICE_FAMILY = "1,2";
				TEST_HOST = "$(BUILT_PRODUCTS_DIR)/Task.app/Task";
			};
			name = Debug;
		};
		56C5089428301A1400717FDE /* Release */ = {
			isa = XCBuildConfiguration;
			buildSettings = {
				ALWAYS_EMBED_SWIFT_STANDARD_LIBRARIES = YES;
				BUNDLE_LOADER = "$(TEST_HOST)";
				CODE_SIGN_STYLE = Automatic;
				CURRENT_PROJECT_VERSION = 1;
				GENERATE_INFOPLIST_FILE = YES;
				IPHONEOS_DEPLOYMENT_TARGET = 15.2;
				MARKETING_VERSION = 1.0;
				PRODUCT_BUNDLE_IDENTIFIER = com.motory.task.TaskTests;
				PRODUCT_NAME = "$(TARGET_NAME)";
				SWIFT_EMIT_LOC_STRINGS = NO;
				SWIFT_VERSION = 5.0;
				TARGETED_DEVICE_FAMILY = "1,2";
				TEST_HOST = "$(BUILT_PRODUCTS_DIR)/Task.app/Task";
			};
			name = Release;
		};
		56C5089628301A1400717FDE /* Debug */ = {
			isa = XCBuildConfiguration;
			buildSettings = {
				ALWAYS_EMBED_SWIFT_STANDARD_LIBRARIES = YES;
				CODE_SIGN_STYLE = Automatic;
				CURRENT_PROJECT_VERSION = 1;
				GENERATE_INFOPLIST_FILE = YES;
				MARKETING_VERSION = 1.0;
				PRODUCT_BUNDLE_IDENTIFIER = com.motory.task.TaskUITests;
				PRODUCT_NAME = "$(TARGET_NAME)";
				SWIFT_EMIT_LOC_STRINGS = NO;
				SWIFT_VERSION = 5.0;
				TARGETED_DEVICE_FAMILY = "1,2";
				TEST_TARGET_NAME = Task;
			};
			name = Debug;
		};
		56C5089728301A1400717FDE /* Release */ = {
			isa = XCBuildConfiguration;
			buildSettings = {
				ALWAYS_EMBED_SWIFT_STANDARD_LIBRARIES = YES;
				CODE_SIGN_STYLE = Automatic;
				CURRENT_PROJECT_VERSION = 1;
				GENERATE_INFOPLIST_FILE = YES;
				MARKETING_VERSION = 1.0;
				PRODUCT_BUNDLE_IDENTIFIER = com.motory.task.TaskUITests;
				PRODUCT_NAME = "$(TARGET_NAME)";
				SWIFT_EMIT_LOC_STRINGS = NO;
				SWIFT_VERSION = 5.0;
				TARGETED_DEVICE_FAMILY = "1,2";
				TEST_TARGET_NAME = Task;
			};
			name = Release;
		};
/* End XCBuildConfiguration section */

/* Begin XCConfigurationList section */
		56C5086028301A1100717FDE /* Build configuration list for PBXProject "Task" */ = {
			isa = XCConfigurationList;
			buildConfigurations = (
				56C5088D28301A1400717FDE /* Debug */,
				56C5088E28301A1400717FDE /* Release */,
			);
			defaultConfigurationIsVisible = 0;
			defaultConfigurationName = Release;
		};
		56C5088F28301A1400717FDE /* Build configuration list for PBXNativeTarget "Task" */ = {
			isa = XCConfigurationList;
			buildConfigurations = (
				56C5089028301A1400717FDE /* Debug */,
				56C5089128301A1400717FDE /* Release */,
			);
			defaultConfigurationIsVisible = 0;
			defaultConfigurationName = Release;
		};
		56C5089228301A1400717FDE /* Build configuration list for PBXNativeTarget "TaskTests" */ = {
			isa = XCConfigurationList;
			buildConfigurations = (
				56C5089328301A1400717FDE /* Debug */,
				56C5089428301A1400717FDE /* Release */,
			);
			defaultConfigurationIsVisible = 0;
			defaultConfigurationName = Release;
		};
		56C5089528301A1400717FDE /* Build configuration list for PBXNativeTarget "TaskUITests" */ = {
			isa = XCConfigurationList;
			buildConfigurations = (
				56C5089628301A1400717FDE /* Debug */,
				56C5089728301A1400717FDE /* Release */,
			);
			defaultConfigurationIsVisible = 0;
			defaultConfigurationName = Release;
		};
/* End XCConfigurationList section */
	};
	rootObject = 56C5085D28301A1100717FDE /* Project object */;
}
